
Microsoft Visual Studio Solution File, Format Version 12.00
# Visual Studio 15
VisualStudioVersion = 15.0.26124.0
MinimumVisualStudioVersion = 15.0.26124.0
Project("{2150E333-8FDC-42A3-9474-1A3956D46DE8}") = "src", "src", "{42AC6557-75D1-47F1-BEF6-DC029D250C92}"
EndProject
Project("{F2A71F9B-5D33-465A-A702-920D77279786}") = "FSMPack.Compile", "src\FSMPack.Compile\FSMPack.Compile.fsproj", "{C84811C2-BADC-49A1-ABB6-5F6355D961A6}"
EndProject
Project("{2150E333-8FDC-42A3-9474-1A3956D46DE8}") = "tests", "tests", "{7DB195FC-1C08-4AE5-A716-DE8CC764A55C}"
EndProject
Project("{F2A71F9B-5D33-465A-A702-920D77279786}") = "FSMPack.Compile.Tests", "tests\FSMPack.Compile.Tests\FSMPack.Compile.Tests.fsproj", "{E48B7C51-B0DD-49D1-8D59-19EDBEDF5C7E}"
EndProject
Global
	GlobalSection(SolutionConfigurationPlatforms) = preSolution
		Debug|Any CPU = Debug|Any CPU
		Debug|x64 = Debug|x64
		Debug|x86 = Debug|x86
		Release|Any CPU = Release|Any CPU
		Release|x64 = Release|x64
		Release|x86 = Release|x86
	EndGlobalSection
	GlobalSection(SolutionProperties) = preSolution
		HideSolutionNode = FALSE
	EndGlobalSection
	GlobalSection(ProjectConfigurationPlatforms) = postSolution
		{C84811C2-BADC-49A1-ABB6-5F6355D961A6}.Debug|Any CPU.ActiveCfg = Debug|Any CPU
		{C84811C2-BADC-49A1-ABB6-5F6355D961A6}.Debug|Any CPU.Build.0 = Debug|Any CPU
		{C84811C2-BADC-49A1-ABB6-5F6355D961A6}.Debug|x64.ActiveCfg = Debug|Any CPU
		{C84811C2-BADC-49A1-ABB6-5F6355D961A6}.Debug|x64.Build.0 = Debug|Any CPU
		{C84811C2-BADC-49A1-ABB6-5F6355D961A6}.Debug|x86.ActiveCfg = Debug|Any CPU
		{C84811C2-BADC-49A1-ABB6-5F6355D961A6}.Debug|x86.Build.0 = Debug|Any CPU
		{C84811C2-BADC-49A1-ABB6-5F6355D961A6}.Release|Any CPU.ActiveCfg = Release|Any CPU
		{C84811C2-BADC-49A1-ABB6-5F6355D961A6}.Release|Any CPU.Build.0 = Release|Any CPU
		{C84811C2-BADC-49A1-ABB6-5F6355D961A6}.Release|x64.ActiveCfg = Release|Any CPU
		{C84811C2-BADC-49A1-ABB6-5F6355D961A6}.Release|x64.Build.0 = Release|Any CPU
		{C84811C2-BADC-49A1-ABB6-5F6355D961A6}.Release|x86.ActiveCfg = Release|Any CPU
		{C84811C2-BADC-49A1-ABB6-5F6355D961A6}.Release|x86.Build.0 = Release|Any CPU
		{E48B7C51-B0DD-49D1-8D59-19EDBEDF5C7E}.Debug|Any CPU.ActiveCfg = Debug|Any CPU
		{E48B7C51-B0DD-49D1-8D59-19EDBEDF5C7E}.Debug|Any CPU.Build.0 = Debug|Any CPU
		{E48B7C51-B0DD-49D1-8D59-19EDBEDF5C7E}.Debug|x64.ActiveCfg = Debug|Any CPU
		{E48B7C51-B0DD-49D1-8D59-19EDBEDF5C7E}.Debug|x64.Build.0 = Debug|Any CPU
		{E48B7C51-B0DD-49D1-8D59-19EDBEDF5C7E}.Debug|x86.ActiveCfg = Debug|Any CPU
		{E48B7C51-B0DD-49D1-8D59-19EDBEDF5C7E}.Debug|x86.Build.0 = Debug|Any CPU
		{E48B7C51-B0DD-49D1-8D59-19EDBEDF5C7E}.Release|Any CPU.ActiveCfg = Release|Any CPU
		{E48B7C51-B0DD-49D1-8D59-19EDBEDF5C7E}.Release|Any CPU.Build.0 = Release|Any CPU
		{E48B7C51-B0DD-49D1-8D59-19EDBEDF5C7E}.Release|x64.ActiveCfg = Release|Any CPU
		{E48B7C51-B0DD-49D1-8D59-19EDBEDF5C7E}.Release|x64.Build.0 = Release|Any CPU
		{E48B7C51-B0DD-49D1-8D59-19EDBEDF5C7E}.Release|x86.ActiveCfg = Release|Any CPU
		{E48B7C51-B0DD-49D1-8D59-19EDBEDF5C7E}.Release|x86.Build.0 = Release|Any CPU
	EndGlobalSection
	GlobalSection(NestedProjects) = preSolution
		{C84811C2-BADC-49A1-ABB6-5F6355D961A6} = {42AC6557-75D1-47F1-BEF6-DC029D250C92}
		{E48B7C51-B0DD-49D1-8D59-19EDBEDF5C7E} = {7DB195FC-1C08-4AE5-A716-DE8CC764A55C}
	EndGlobalSection
EndGlobal
